
Microsoft Visual Studio Solution File, Format Version 12.00
# Visual Studio Version 17
VisualStudioVersion = 17.4.33122.133
MinimumVisualStudioVersion = 10.0.40219.1
Project("{FAE04EC0-301F-11D3-BF4B-00C04F79EFBC}") = "IT100-Lab2", "IT100-Lab2\IT100-Lab2.csproj", "{A71DDE7D-AC1D-4F99-8639-A446CC836D02}"
EndProject
Global
	GlobalSection(SolutionConfigurationPlatforms) = preSolution
		Debug|Any CPU = Debug|Any CPU
		Release|Any CPU = Release|Any CPU
	EndGlobalSection
	GlobalSection(ProjectConfigurationPlatforms) = postSolution
		{A71DDE7D-AC1D-4F99-8639-A446CC836D02}.Debug|Any CPU.ActiveCfg = Debug|Any CPU
		{A71DDE7D-AC1D-4F99-8639-A446CC836D02}.Debug|Any CPU.Build.0 = Debug|Any CPU
		{A71DDE7D-AC1D-4F99-8639-A446CC836D02}.Release|Any CPU.ActiveCfg = Release|Any CPU
		{A71DDE7D-AC1D-4F99-8639-A446CC836D02}.Release|Any CPU.Build.0 = Release|Any CPU
	EndGlobalSection
	GlobalSection(SolutionProperties) = preSolution
		HideSolutionNode = FALSE
	EndGlobalSection
	GlobalSection(ExtensibilityGlobals) = postSolution
		SolutionGuid = {373F07CD-D8F9-4F93-80F2-D6EAAE2F4BCB}
	EndGlobalSection
EndGlobal
